
Microsoft Visual Studio Solution File, Format Version 12.00
# Visual Studio Version 17
VisualStudioVersion = 17.8.34330.188
MinimumVisualStudioVersion = 10.0.40219.1
Project("{9A19103F-16F7-4668-BE54-9A1E7A4F7556}") = "BulkyWeb", "BulkyWeb\BulkyWeb.csproj", "{C6B111AC-2B2F-4B64-A33F-B5F810697936}"
EndProject
Project("{FAE04EC0-301F-11D3-BF4B-00C04F79EFBC}") = "BulkyWebRazor", "BulkyWebRazor\BulkyWebRazor.csproj", "{CF3B3FF9-ACB5-446D-9EAB-997FD34AB78E}"
EndProject
Global
	GlobalSection(SolutionConfigurationPlatforms) = preSolution
		Debug|Any CPU = Debug|Any CPU
		Release|Any CPU = Release|Any CPU
	EndGlobalSection
	GlobalSection(ProjectConfigurationPlatforms) = postSolution
		{C6B111AC-2B2F-4B64-A33F-B5F810697936}.Debug|Any CPU.ActiveCfg = Debug|Any CPU
		{C6B111AC-2B2F-4B64-A33F-B5F810697936}.Debug|Any CPU.Build.0 = Debug|Any CPU
		{C6B111AC-2B2F-4B64-A33F-B5F810697936}.Release|Any CPU.ActiveCfg = Release|Any CPU
		{C6B111AC-2B2F-4B64-A33F-B5F810697936}.Release|Any CPU.Build.0 = Release|Any CPU
		{CF3B3FF9-ACB5-446D-9EAB-997FD34AB78E}.Debug|Any CPU.ActiveCfg = Debug|Any CPU
		{CF3B3FF9-ACB5-446D-9EAB-997FD34AB78E}.Debug|Any CPU.Build.0 = Debug|Any CPU
		{CF3B3FF9-ACB5-446D-9EAB-997FD34AB78E}.Release|Any CPU.ActiveCfg = Release|Any CPU
		{CF3B3FF9-ACB5-446D-9EAB-997FD34AB78E}.Release|Any CPU.Build.0 = Release|Any CPU
	EndGlobalSection
	GlobalSection(SolutionProperties) = preSolution
		HideSolutionNode = FALSE
	EndGlobalSection
	GlobalSection(ExtensibilityGlobals) = postSolution
		SolutionGuid = {FD8D3B1F-5A7C-453C-A798-E2EBEAF1000A}
	EndGlobalSection
EndGlobal
